
Microsoft Visual Studio Solution File, Format Version 12.00
# Visual Studio Version 17
VisualStudioVersion = 17.7.34031.279
MinimumVisualStudioVersion = 10.0.40219.1
Project("{FAE04EC0-301F-11D3-BF4B-00C04F79EFBC}") = "Benchmark", "Benchmark.csproj", "{267BA5A1-6D5B-4951-AE0A-B915682E2823}"
EndProject
Global
	GlobalSection(SolutionConfigurationPlatforms) = preSolution
		Debug|Any CPU = Debug|Any CPU
		Release|Any CPU = Release|Any CPU
	EndGlobalSection
	GlobalSection(ProjectConfigurationPlatforms) = postSolution
		{267BA5A1-6D5B-4951-AE0A-B915682E2823}.Debug|Any CPU.ActiveCfg = Debug|Any CPU
		{267BA5A1-6D5B-4951-AE0A-B915682E2823}.Debug|Any CPU.Build.0 = Debug|Any CPU
		{267BA5A1-6D5B-4951-AE0A-B915682E2823}.Release|Any CPU.ActiveCfg = Release|Any CPU
		{267BA5A1-6D5B-4951-AE0A-B915682E2823}.Release|Any CPU.Build.0 = Release|Any CPU
	EndGlobalSection
	GlobalSection(SolutionProperties) = preSolution
		HideSolutionNode = FALSE
	EndGlobalSection
	GlobalSection(ExtensibilityGlobals) = postSolution
		SolutionGuid = {AA9D6E6A-5582-48E8-828D-989C6B02E762}
	EndGlobalSection
EndGlobal
